// !$*UTF8*$!
{
	archiveVersion = 1;
	classes = {
	};
	objectVersion = 50;
	objects = {

/* Begin PBXBuildFile section */
		02A6423223674E6500C7F075 /* AppDelegate.swift in Sources */ = {isa = PBXBuildFile; fileRef = 02A6423123674E6500C7F075 /* AppDelegate.swift */; };
		02A6423423674E6500C7F075 /* SceneDelegate.swift in Sources */ = {isa = PBXBuildFile; fileRef = 02A6423323674E6500C7F075 /* SceneDelegate.swift */; };
		02A6423723674E6500C7F075 /* SwiftUIAPIConsumerSample.xcdatamodeld in Sources */ = {isa = PBXBuildFile; fileRef = 02A6423523674E6500C7F075 /* SwiftUIAPIConsumerSample.xcdatamodeld */; };
		02A6423923674E6500C7F075 /* GodListView.swift in Sources */ = {isa = PBXBuildFile; fileRef = 02A6423823674E6500C7F075 /* GodListView.swift */; };
		02A6423B23674E6700C7F075 /* Assets.xcassets in Resources */ = {isa = PBXBuildFile; fileRef = 02A6423A23674E6700C7F075 /* Assets.xcassets */; };
		02A6423E23674E6700C7F075 /* Preview Assets.xcassets in Resources */ = {isa = PBXBuildFile; fileRef = 02A6423D23674E6700C7F075 /* Preview Assets.xcassets */; };
		02A6424123674E6700C7F075 /* LaunchScreen.storyboard in Resources */ = {isa = PBXBuildFile; fileRef = 02A6423F23674E6700C7F075 /* LaunchScreen.storyboard */; };
		02A6424C23674E6700C7F075 /* SwiftUIAPIConsumerSampleTests.swift in Sources */ = {isa = PBXBuildFile; fileRef = 02A6424B23674E6700C7F075 /* SwiftUIAPIConsumerSampleTests.swift */; };
		02A6425723674E6700C7F075 /* SwiftUIAPIConsumerSampleUITests.swift in Sources */ = {isa = PBXBuildFile; fileRef = 02A6425623674E6700C7F075 /* SwiftUIAPIConsumerSampleUITests.swift */; };
		02A6426623675F6900C7F075 /* God.swift in Sources */ = {isa = PBXBuildFile; fileRef = 02A6426523675F6900C7F075 /* God.swift */; };
		02A642692367603F00C7F075 /* GreekMythsService.swift in Sources */ = {isa = PBXBuildFile; fileRef = 02A642682367603F00C7F075 /* GreekMythsService.swift */; };
		02A6426C2367622900C7F075 /* GodListViewModel.swift in Sources */ = {isa = PBXBuildFile; fileRef = 02A6426B2367622900C7F075 /* GodListViewModel.swift */; };
		02A6426E2367625600C7F075 /* GodViewModel.swift in Sources */ = {isa = PBXBuildFile; fileRef = 02A6426D2367625600C7F075 /* GodViewModel.swift */; };
		02A642702367706F00C7F075 /* AboutGodView.swift in Sources */ = {isa = PBXBuildFile; fileRef = 02A6426F2367706F00C7F075 /* AboutGodView.swift */; };
		02A64273236797C000C7F075 /* HomeView.swift in Sources */ = {isa = PBXBuildFile; fileRef = 02A64272236797C000C7F075 /* HomeView.swift */; };
/* End PBXBuildFile section */

/* Begin PBXContainerItemProxy section */
		02A6424823674E6700C7F075 /* PBXContainerItemProxy */ = {
			isa = PBXContainerItemProxy;
			containerPortal = 02A6422623674E6500C7F075 /* Project object */;
			proxyType = 1;
			remoteGlobalIDString = 02A6422D23674E6500C7F075;
			remoteInfo = SwiftUIAPIConsumerSample;
		};
		02A6425323674E6700C7F075 /* PBXContainerItemProxy */ = {
			isa = PBXContainerItemProxy;
			containerPortal = 02A6422623674E6500C7F075 /* Project object */;
			proxyType = 1;
			remoteGlobalIDString = 02A6422D23674E6500C7F075;
			remoteInfo = SwiftUIAPIConsumerSample;
		};
/* End PBXContainerItemProxy section */

/* Begin PBXFileReference section */
		02A6422E23674E6500C7F075 /* SwiftUIAPIConsumerSample.app */ = {isa = PBXFileReference; explicitFileType = wrapper.application; includeInIndex = 0; path = SwiftUIAPIConsumerSample.app; sourceTree = BUILT_PRODUCTS_DIR; };
		02A6423123674E6500C7F075 /* AppDelegate.swift */ = {isa = PBXFileReference; lastKnownFileType = sourcecode.swift; path = AppDelegate.swift; sourceTree = "<group>"; };
		02A6423323674E6500C7F075 /* SceneDelegate.swift */ = {isa = PBXFileReference; lastKnownFileType = sourcecode.swift; path = SceneDelegate.swift; sourceTree = "<group>"; };
		02A6423623674E6500C7F075 /* SwiftUIAPIConsumerSample.xcdatamodel */ = {isa = PBXFileReference; lastKnownFileType = wrapper.xcdatamodel; path = SwiftUIAPIConsumerSample.xcdatamodel; sourceTree = "<group>"; };
		02A6423823674E6500C7F075 /* GodListView.swift */ = {isa = PBXFileReference; lastKnownFileType = sourcecode.swift; path = GodListView.swift; sourceTree = "<group>"; };
		02A6423A23674E6700C7F075 /* Assets.xcassets */ = {isa = PBXFileReference; lastKnownFileType = folder.assetcatalog; path = Assets.xcassets; sourceTree = "<group>"; };
		02A6423D23674E6700C7F075 /* Preview Assets.xcassets */ = {isa = PBXFileReference; lastKnownFileType = folder.assetcatalog; path = "Preview Assets.xcassets"; sourceTree = "<group>"; };
		02A6424023674E6700C7F075 /* Base */ = {isa = PBXFileReference; lastKnownFileType = file.storyboard; name = Base; path = Base.lproj/LaunchScreen.storyboard; sourceTree = "<group>"; };
		02A6424223674E6700C7F075 /* Info.plist */ = {isa = PBXFileReference; lastKnownFileType = text.plist.xml; path = Info.plist; sourceTree = "<group>"; };
		02A6424723674E6700C7F075 /* SwiftUIAPIConsumerSampleTests.xctest */ = {isa = PBXFileReference; explicitFileType = wrapper.cfbundle; includeInIndex = 0; path = SwiftUIAPIConsumerSampleTests.xctest; sourceTree = BUILT_PRODUCTS_DIR; };
		02A6424B23674E6700C7F075 /* SwiftUIAPIConsumerSampleTests.swift */ = {isa = PBXFileReference; lastKnownFileType = sourcecode.swift; path = SwiftUIAPIConsumerSampleTests.swift; sourceTree = "<group>"; };
		02A6424D23674E6700C7F075 /* Info.plist */ = {isa = PBXFileReference; lastKnownFileType = text.plist.xml; path = Info.plist; sourceTree = "<group>"; };
		02A6425223674E6700C7F075 /* SwiftUIAPIConsumerSampleUITests.xctest */ = {isa = PBXFileReference; explicitFileType = wrapper.cfbundle; includeInIndex = 0; path = SwiftUIAPIConsumerSampleUITests.xctest; sourceTree = BUILT_PRODUCTS_DIR; };
		02A6425623674E6700C7F075 /* SwiftUIAPIConsumerSampleUITests.swift */ = {isa = PBXFileReference; lastKnownFileType = sourcecode.swift; path = SwiftUIAPIConsumerSampleUITests.swift; sourceTree = "<group>"; };
		02A6425823674E6700C7F075 /* Info.plist */ = {isa = PBXFileReference; lastKnownFileType = text.plist.xml; path = Info.plist; sourceTree = "<group>"; };
		02A6426523675F6900C7F075 /* God.swift */ = {isa = PBXFileReference; lastKnownFileType = sourcecode.swift; path = God.swift; sourceTree = "<group>"; };
		02A642682367603F00C7F075 /* GreekMythsService.swift */ = {isa = PBXFileReference; lastKnownFileType = sourcecode.swift; path = GreekMythsService.swift; sourceTree = "<group>"; };
		02A6426B2367622900C7F075 /* GodListViewModel.swift */ = {isa = PBXFileReference; lastKnownFileType = sourcecode.swift; path = GodListViewModel.swift; sourceTree = "<group>"; };
		02A6426D2367625600C7F075 /* GodViewModel.swift */ = {isa = PBXFileReference; lastKnownFileType = sourcecode.swift; path = GodViewModel.swift; sourceTree = "<group>"; };
		02A6426F2367706F00C7F075 /* AboutGodView.swift */ = {isa = PBXFileReference; lastKnownFileType = sourcecode.swift; path = AboutGodView.swift; sourceTree = "<group>"; };
		02A64272236797C000C7F075 /* HomeView.swift */ = {isa = PBXFileReference; lastKnownFileType = sourcecode.swift; path = HomeView.swift; sourceTree = "<group>"; };
/* End PBXFileReference section */

/* Begin PBXFrameworksBuildPhase section */
		02A6422B23674E6500C7F075 /* Frameworks */ = {
			isa = PBXFrameworksBuildPhase;
			buildActionMask = 2147483647;
			files = (
			);
			runOnlyForDeploymentPostprocessing = 0;
		};
		02A6424423674E6700C7F075 /* Frameworks */ = {
			isa = PBXFrameworksBuildPhase;
			buildActionMask = 2147483647;
			files = (
			);
			runOnlyForDeploymentPostprocessing = 0;
		};
		02A6424F23674E6700C7F075 /* Frameworks */ = {
			isa = PBXFrameworksBuildPhase;
			buildActionMask = 2147483647;
			files = (
			);
			runOnlyForDeploymentPostprocessing = 0;
		};
/* End PBXFrameworksBuildPhase section */

/* Begin PBXGroup section */
		02A6422523674E6500C7F075 = {
			isa = PBXGroup;
			children = (
				02A6423023674E6500C7F075 /* SwiftUIAPIConsumerSample */,
				02A6424A23674E6700C7F075 /* SwiftUIAPIConsumerSampleTests */,
				02A6425523674E6700C7F075 /* SwiftUIAPIConsumerSampleUITests */,
				02A6422F23674E6500C7F075 /* Products */,
			);
			sourceTree = "<group>";
		};
		02A6422F23674E6500C7F075 /* Products */ = {
			isa = PBXGroup;
			children = (
				02A6422E23674E6500C7F075 /* SwiftUIAPIConsumerSample.app */,
				02A6424723674E6700C7F075 /* SwiftUIAPIConsumerSampleTests.xctest */,
				02A6425223674E6700C7F075 /* SwiftUIAPIConsumerSampleUITests.xctest */,
			);
			name = Products;
			sourceTree = "<group>";
		};
		02A6423023674E6500C7F075 /* SwiftUIAPIConsumerSample */ = {
			isa = PBXGroup;
			children = (
				02A6427123677FBE00C7F075 /* Views */,
				02A6426A2367621000C7F075 /* ViewModels */,
				02A642672367602D00C7F075 /* Services */,
				02A6426423674F2400C7F075 /* Models */,
				02A6423123674E6500C7F075 /* AppDelegate.swift */,
				02A6423323674E6500C7F075 /* SceneDelegate.swift */,
				02A6423A23674E6700C7F075 /* Assets.xcassets */,
				02A6423F23674E6700C7F075 /* LaunchScreen.storyboard */,
				02A6424223674E6700C7F075 /* Info.plist */,
				02A6423523674E6500C7F075 /* SwiftUIAPIConsumerSample.xcdatamodeld */,
				02A6423C23674E6700C7F075 /* Preview Content */,
			);
			path = SwiftUIAPIConsumerSample;
			sourceTree = "<group>";
		};
		02A6423C23674E6700C7F075 /* Preview Content */ = {
			isa = PBXGroup;
			children = (
				02A6423D23674E6700C7F075 /* Preview Assets.xcassets */,
			);
			path = "Preview Content";
			sourceTree = "<group>";
		};
		02A6424A23674E6700C7F075 /* SwiftUIAPIConsumerSampleTests */ = {
			isa = PBXGroup;
			children = (
				02A6424B23674E6700C7F075 /* SwiftUIAPIConsumerSampleTests.swift */,
				02A6424D23674E6700C7F075 /* Info.plist */,
			);
			path = SwiftUIAPIConsumerSampleTests;
			sourceTree = "<group>";
		};
		02A6425523674E6700C7F075 /* SwiftUIAPIConsumerSampleUITests */ = {
			isa = PBXGroup;
			children = (
				02A6425623674E6700C7F075 /* SwiftUIAPIConsumerSampleUITests.swift */,
				02A6425823674E6700C7F075 /* Info.plist */,
			);
			path = SwiftUIAPIConsumerSampleUITests;
			sourceTree = "<group>";
		};
		02A6426423674F2400C7F075 /* Models */ = {
			isa = PBXGroup;
			children = (
				02A6426523675F6900C7F075 /* God.swift */,
			);
			path = Models;
			sourceTree = "<group>";
		};
		02A642672367602D00C7F075 /* Services */ = {
			isa = PBXGroup;
			children = (
				02A642682367603F00C7F075 /* GreekMythsService.swift */,
			);
			path = Services;
			sourceTree = "<group>";
		};
		02A6426A2367621000C7F075 /* ViewModels */ = {
			isa = PBXGroup;
			children = (
				02A6426B2367622900C7F075 /* GodListViewModel.swift */,
				02A6426D2367625600C7F075 /* GodViewModel.swift */,
			);
			path = ViewModels;
			sourceTree = "<group>";
		};
		02A6427123677FBE00C7F075 /* Views */ = {
			isa = PBXGroup;
			children = (
				02A6426F2367706F00C7F075 /* AboutGodView.swift */,
				02A6423823674E6500C7F075 /* GodListView.swift */,
				02A64272236797C000C7F075 /* HomeView.swift */,
			);
			path = Views;
			sourceTree = "<group>";
		};
/* End PBXGroup section */

/* Begin PBXNativeTarget section */
		02A6422D23674E6500C7F075 /* SwiftUIAPIConsumerSample */ = {
			isa = PBXNativeTarget;
			buildConfigurationList = 02A6425B23674E6700C7F075 /* Build configuration list for PBXNativeTarget "SwiftUIAPIConsumerSample" */;
			buildPhases = (
				02A6422A23674E6500C7F075 /* Sources */,
				02A6422B23674E6500C7F075 /* Frameworks */,
				02A6422C23674E6500C7F075 /* Resources */,
			);
			buildRules = (
			);
			dependencies = (
			);
			name = SwiftUIAPIConsumerSample;
			productName = SwiftUIAPIConsumerSample;
			productReference = 02A6422E23674E6500C7F075 /* SwiftUIAPIConsumerSample.app */;
			productType = "com.apple.product-type.application";
		};
		02A6424623674E6700C7F075 /* SwiftUIAPIConsumerSampleTests */ = {
			isa = PBXNativeTarget;
			buildConfigurationList = 02A6425E23674E6700C7F075 /* Build configuration list for PBXNativeTarget "SwiftUIAPIConsumerSampleTests" */;
			buildPhases = (
				02A6424323674E6700C7F075 /* Sources */,
				02A6424423674E6700C7F075 /* Frameworks */,
				02A6424523674E6700C7F075 /* Resources */,
			);
			buildRules = (
			);
			dependencies = (
				02A6424923674E6700C7F075 /* PBXTargetDependency */,
			);
			name = SwiftUIAPIConsumerSampleTests;
			productName = SwiftUIAPIConsumerSampleTests;
			productReference = 02A6424723674E6700C7F075 /* SwiftUIAPIConsumerSampleTests.xctest */;
			productType = "com.apple.product-type.bundle.unit-test";
		};
		02A6425123674E6700C7F075 /* SwiftUIAPIConsumerSampleUITests */ = {
			isa = PBXNativeTarget;
			buildConfigurationList = 02A6426123674E6700C7F075 /* Build configuration list for PBXNativeTarget "SwiftUIAPIConsumerSampleUITests" */;
			buildPhases = (
				02A6424E23674E6700C7F075 /* Sources */,
				02A6424F23674E6700C7F075 /* Frameworks */,
				02A6425023674E6700C7F075 /* Resources */,
			);
			buildRules = (
			);
			dependencies = (
				02A6425423674E6700C7F075 /* PBXTargetDependency */,
			);
			name = SwiftUIAPIConsumerSampleUITests;
			productName = SwiftUIAPIConsumerSampleUITests;
			productReference = 02A6425223674E6700C7F075 /* SwiftUIAPIConsumerSampleUITests.xctest */;
			productType = "com.apple.product-type.bundle.ui-testing";
		};
/* End PBXNativeTarget section */

/* Begin PBXProject section */
		02A6422623674E6500C7F075 /* Project object */ = {
			isa = PBXProject;
			attributes = {
				LastSwiftUpdateCheck = 1110;
				LastUpgradeCheck = 1110;
				ORGANIZATIONNAME = UPC;
				TargetAttributes = {
					02A6422D23674E6500C7F075 = {
						CreatedOnToolsVersion = 11.1;
					};
					02A6424623674E6700C7F075 = {
						CreatedOnToolsVersion = 11.1;
						TestTargetID = 02A6422D23674E6500C7F075;
					};
					02A6425123674E6700C7F075 = {
						CreatedOnToolsVersion = 11.1;
						TestTargetID = 02A6422D23674E6500C7F075;
					};
				};
			};
			buildConfigurationList = 02A6422923674E6500C7F075 /* Build configuration list for PBXProject "SwiftUIAPIConsumerSample" */;
			compatibilityVersion = "Xcode 9.3";
			developmentRegion = en;
			hasScannedForEncodings = 0;
			knownRegions = (
				en,
				Base,
			);
			mainGroup = 02A6422523674E6500C7F075;
			productRefGroup = 02A6422F23674E6500C7F075 /* Products */;
			projectDirPath = "";
			projectRoot = "";
			targets = (
				02A6422D23674E6500C7F075 /* SwiftUIAPIConsumerSample */,
				02A6424623674E6700C7F075 /* SwiftUIAPIConsumerSampleTests */,
				02A6425123674E6700C7F075 /* SwiftUIAPIConsumerSampleUITests */,
			);
		};
/* End PBXProject section */

/* Begin PBXResourcesBuildPhase section */
		02A6422C23674E6500C7F075 /* Resources */ = {
			isa = PBXResourcesBuildPhase;
			buildActionMask = 2147483647;
			files = (
				02A6424123674E6700C7F075 /* LaunchScreen.storyboard in Resources */,
				02A6423E23674E6700C7F075 /* Preview Assets.xcassets in Resources */,
				02A6423B23674E6700C7F075 /* Assets.xcassets in Resources */,
			);
			runOnlyForDeploymentPostprocessing = 0;
		};
		02A6424523674E6700C7F075 /* Resources */ = {
			isa = PBXResourcesBuildPhase;
			buildActionMask = 2147483647;
			files = (
			);
			runOnlyForDeploymentPostprocessing = 0;
		};
		02A6425023674E6700C7F075 /* Resources */ = {
			isa = PBXResourcesBuildPhase;
			buildActionMask = 2147483647;
			files = (
			);
			runOnlyForDeploymentPostprocessing = 0;
		};
/* End PBXResourcesBuildPhase section */

/* Begin PBXSourcesBuildPhase section */
		02A6422A23674E6500C7F075 /* Sources */ = {
			isa = PBXSourcesBuildPhase;
			buildActionMask = 2147483647;
			files = (
				02A642692367603F00C7F075 /* GreekMythsService.swift in Sources */,
				02A642702367706F00C7F075 /* AboutGodView.swift in Sources */,
				02A6426C2367622900C7F075 /* GodListViewModel.swift in Sources */,
				02A64273236797C000C7F075 /* HomeView.swift in Sources */,
				02A6423223674E6500C7F075 /* AppDelegate.swift in Sources */,
				02A6426E2367625600C7F075 /* GodViewModel.swift in Sources */,
				02A6423723674E6500C7F075 /* SwiftUIAPIConsumerSample.xcdatamodeld in Sources */,
				02A6423923674E6500C7F075 /* GodListView.swift in Sources */,
				02A6426623675F6900C7F075 /* God.swift in Sources */,
				02A6423423674E6500C7F075 /* SceneDelegate.swift in Sources */,
			);
			runOnlyForDeploymentPostprocessing = 0;
		};
		02A6424323674E6700C7F075 /* Sources */ = {
			isa = PBXSourcesBuildPhase;
			buildActionMask = 2147483647;
			files = (
				02A6424C23674E6700C7F075 /* SwiftUIAPIConsumerSampleTests.swift in Sources */,
			);
			runOnlyForDeploymentPostprocessing = 0;
		};
		02A6424E23674E6700C7F075 /* Sources */ = {
			isa = PBXSourcesBuildPhase;
			buildActionMask = 2147483647;
			files = (
				02A6425723674E6700C7F075 /* SwiftUIAPIConsumerSampleUITests.swift in Sources */,
			);
			runOnlyForDeploymentPostprocessing = 0;
		};
/* End PBXSourcesBuildPhase section */

/* Begin PBXTargetDependency section */
		02A6424923674E6700C7F075 /* PBXTargetDependency */ = {
			isa = PBXTargetDependency;
			target = 02A6422D23674E6500C7F075 /* SwiftUIAPIConsumerSample */;
			targetProxy = 02A6424823674E6700C7F075 /* PBXContainerItemProxy */;
		};
		02A6425423674E6700C7F075 /* PBXTargetDependency */ = {
			isa = PBXTargetDependency;
			target = 02A6422D23674E6500C7F075 /* SwiftUIAPIConsumerSample */;
			targetProxy = 02A6425323674E6700C7F075 /* PBXContainerItemProxy */;
		};
/* End PBXTargetDependency section */

/* Begin PBXVariantGroup section */
		02A6423F23674E6700C7F075 /* LaunchScreen.storyboard */ = {
			isa = PBXVariantGroup;
			children = (
				02A6424023674E6700C7F075 /* Base */,
			);
			name = LaunchScreen.storyboard;
			sourceTree = "<group>";
		};
/* End PBXVariantGroup section */

/* Begin XCBuildConfiguration section */
		02A6425923674E6700C7F075 /* Debug */ = {
			isa = XCBuildConfiguration;
			buildSettings = {
				ALWAYS_SEARCH_USER_PATHS = NO;
				CLANG_ANALYZER_NONNULL = YES;
				CLANG_ANALYZER_NUMBER_OBJECT_CONVERSION = YES_AGGRESSIVE;
				CLANG_CXX_LANGUAGE_STANDARD = "gnu++14";
				CLANG_CXX_LIBRARY = "libc++";
				CLANG_ENABLE_MODULES = YES;
				CLANG_ENABLE_OBJC_ARC = YES;
				CLANG_ENABLE_OBJC_WEAK = YES;
				CLANG_WARN_BLOCK_CAPTURE_AUTORELEASING = YES;
				CLANG_WARN_BOOL_CONVERSION = YES;
				CLANG_WARN_COMMA = YES;
				CLANG_WARN_CONSTANT_CONVERSION = YES;
				CLANG_WARN_DEPRECATED_OBJC_IMPLEMENTATIONS = YES;
				CLANG_WARN_DIRECT_OBJC_ISA_USAGE = YES_ERROR;
				CLANG_WARN_DOCUMENTATION_COMMENTS = YES;
				CLANG_WARN_EMPTY_BODY = YES;
				CLANG_WARN_ENUM_CONVERSION = YES;
				CLANG_WARN_INFINITE_RECURSION = YES;
				CLANG_WARN_INT_CONVERSION = YES;
				CLANG_WARN_NON_LITERAL_NULL_CONVERSION = YES;
				CLANG_WARN_OBJC_IMPLICIT_RETAIN_SELF = YES;
				CLANG_WARN_OBJC_LITERAL_CONVERSION = YES;
				CLANG_WARN_OBJC_ROOT_CLASS = YES_ERROR;
				CLANG_WARN_RANGE_LOOP_ANALYSIS = YES;
				CLANG_WARN_STRICT_PROTOTYPES = YES;
				CLANG_WARN_SUSPICIOUS_MOVE = YES;
				CLANG_WARN_UNGUARDED_AVAILABILITY = YES_AGGRESSIVE;
				CLANG_WARN_UNREACHABLE_CODE = YES;
				CLANG_WARN__DUPLICATE_METHOD_MATCH = YES;
				COPY_PHASE_STRIP = NO;
				DEBUG_INFORMATION_FORMAT = dwarf;
				ENABLE_STRICT_OBJC_MSGSEND = YES;
				ENABLE_TESTABILITY = YES;
				GCC_C_LANGUAGE_STANDARD = gnu11;
				GCC_DYNAMIC_NO_PIC = NO;
				GCC_NO_COMMON_BLOCKS = YES;
				GCC_OPTIMIZATION_LEVEL = 0;
				GCC_PREPROCESSOR_DEFINITIONS = (
					"DEBUG=1",
					"$(inherited)",
				);
				GCC_WARN_64_TO_32_BIT_CONVERSION = YES;
				GCC_WARN_ABOUT_RETURN_TYPE = YES_ERROR;
				GCC_WARN_UNDECLARED_SELECTOR = YES;
				GCC_WARN_UNINITIALIZED_AUTOS = YES_AGGRESSIVE;
				GCC_WARN_UNUSED_FUNCTION = YES;
				GCC_WARN_UNUSED_VARIABLE = YES;
				IPHONEOS_DEPLOYMENT_TARGET = 13.1;
				MTL_ENABLE_DEBUG_INFO = INCLUDE_SOURCE;
				MTL_FAST_MATH = YES;
				ONLY_ACTIVE_ARCH = YES;
				SDKROOT = iphoneos;
				SWIFT_ACTIVE_COMPILATION_CONDITIONS = DEBUG;
				SWIFT_OPTIMIZATION_LEVEL = "-Onone";
			};
			name = Debug;
		};
		02A6425A23674E6700C7F075 /* Release */ = {
			isa = XCBuildConfiguration;
			buildSettings = {
				ALWAYS_SEARCH_USER_PATHS = NO;
				CLANG_ANALYZER_NONNULL = YES;
				CLANG_ANALYZER_NUMBER_OBJECT_CONVERSION = YES_AGGRESSIVE;
				CLANG_CXX_LANGUAGE_STANDARD = "gnu++14";
				CLANG_CXX_LIBRARY = "libc++";
				CLANG_ENABLE_MODULES = YES;
				CLANG_ENABLE_OBJC_ARC = YES;
				CLANG_ENABLE_OBJC_WEAK = YES;
				CLANG_WARN_BLOCK_CAPTURE_AUTORELEASING = YES;
				CLANG_WARN_BOOL_CONVERSION = YES;
				CLANG_WARN_COMMA = YES;
				CLANG_WARN_CONSTANT_CONVERSION = YES;
				CLANG_WARN_DEPRECATED_OBJC_IMPLEMENTATIONS = YES;
				CLANG_WARN_DIRECT_OBJC_ISA_USAGE = YES_ERROR;
				CLANG_WARN_DOCUMENTATION_COMMENTS = YES;
				CLANG_WARN_EMPTY_BODY = YES;
				CLANG_WARN_ENUM_CONVERSION = YES;
				CLANG_WARN_INFINITE_RECURSION = YES;
				CLANG_WARN_INT_CONVERSION = YES;
				CLANG_WARN_NON_LITERAL_NULL_CONVERSION = YES;
				CLANG_WARN_OBJC_IMPLICIT_RETAIN_SELF = YES;
				CLANG_WARN_OBJC_LITERAL_CONVERSION = YES;
				CLANG_WARN_OBJC_ROOT_CLASS = YES_ERROR;
				CLANG_WARN_RANGE_LOOP_ANALYSIS = YES;
				CLANG_WARN_STRICT_PROTOTYPES = YES;
				CLANG_WARN_SUSPICIOUS_MOVE = YES;
				CLANG_WARN_UNGUARDED_AVAILABILITY = YES_AGGRESSIVE;
				CLANG_WARN_UNREACHABLE_CODE = YES;
				CLANG_WARN__DUPLICATE_METHOD_MATCH = YES;
				COPY_PHASE_STRIP = NO;
				DEBUG_INFORMATION_FORMAT = "dwarf-with-dsym";
				ENABLE_NS_ASSERTIONS = NO;
				ENABLE_STRICT_OBJC_MSGSEND = YES;
				GCC_C_LANGUAGE_STANDARD = gnu11;
				GCC_NO_COMMON_BLOCKS = YES;
				GCC_WARN_64_TO_32_BIT_CONVERSION = YES;
				GCC_WARN_ABOUT_RETURN_TYPE = YES_ERROR;
				GCC_WARN_UNDECLARED_SELECTOR = YES;
				GCC_WARN_UNINITIALIZED_AUTOS = YES_AGGRESSIVE;
				GCC_WARN_UNUSED_FUNCTION = YES;
				GCC_WARN_UNUSED_VARIABLE = YES;
				IPHONEOS_DEPLOYMENT_TARGET = 13.1;
				MTL_ENABLE_DEBUG_INFO = NO;
				MTL_FAST_MATH = YES;
				SDKROOT = iphoneos;
				SWIFT_COMPILATION_MODE = wholemodule;
				SWIFT_OPTIMIZATION_LEVEL = "-O";
				VALIDATE_PRODUCT = YES;
			};
			name = Release;
		};
		02A6425C23674E6700C7F075 /* Debug */ = {
			isa = XCBuildConfiguration;
			buildSettings = {
				ASSETCATALOG_COMPILER_APPICON_NAME = AppIcon;
				CODE_SIGN_STYLE = Automatic;
				DEVELOPMENT_ASSET_PATHS = "\"SwiftUIAPIConsumerSample/Preview Content\"";
				DEVELOPMENT_TEAM = 8468U436K8;
				ENABLE_PREVIEWS = YES;
				INFOPLIST_FILE = SwiftUIAPIConsumerSample/Info.plist;
				LD_RUNPATH_SEARCH_PATHS = (
					"$(inherited)",
					"@executable_path/Frameworks",
				);
				PRODUCT_BUNDLE_IDENTIFIER = pe.edu.upc.SwiftUIAPIConsumerSample;
				PRODUCT_NAME = "$(TARGET_NAME)";
				SWIFT_VERSION = 5.0;
				TARGETED_DEVICE_FAMILY = "1,2";
			};
			name = Debug;
		};
		02A6425D23674E6700C7F075 /* Release */ = {
			isa = XCBuildConfiguration;
			buildSettings = {
				ASSETCATALOG_COMPILER_APPICON_NAME = AppIcon;
				CODE_SIGN_STYLE = Automatic;
				DEVELOPMENT_ASSET_PATHS = "\"SwiftUIAPIConsumerSample/Preview Content\"";
				DEVELOPMENT_TEAM = 8468U436K8;
				ENABLE_PREVIEWS = YES;
				INFOPLIST_FILE = SwiftUIAPIConsumerSample/Info.plist;
				LD_RUNPATH_SEARCH_PATHS = (
					"$(inherited)",
					"@executable_path/Frameworks",
				);
				PRODUCT_BUNDLE_IDENTIFIER = pe.edu.upc.SwiftUIAPIConsumerSample;
				PRODUCT_NAME = "$(TARGET_NAME)";
				SWIFT_VERSION = 5.0;
				TARGETED_DEVICE_FAMILY = "1,2";
			};
			name = Release;
		};
		02A6425F23674E6700C7F075 /* Debug */ = {
			isa = XCBuildConfiguration;
			buildSettings = {
				ALWAYS_EMBED_SWIFT_STANDARD_LIBRARIES = YES;
				BUNDLE_LOADER = "$(TEST_HOST)";
				CODE_SIGN_STYLE = Automatic;
				DEVELOPMENT_TEAM = 8468U436K8;
				INFOPLIST_FILE = SwiftUIAPIConsumerSampleTests/Info.plist;
				IPHONEOS_DEPLOYMENT_TARGET = 13.1;
				LD_RUNPATH_SEARCH_PATHS = (
					"$(inherited)",
					"@executable_path/Frameworks",
					"@loader_path/Frameworks",
				);
				PRODUCT_BUNDLE_IDENTIFIER = pe.edu.upc.SwiftUIAPIConsumerSampleTests;
				PRODUCT_NAME = "$(TARGET_NAME)";
				SWIFT_VERSION = 5.0;
				TARGETED_DEVICE_FAMILY = "1,2";
				TEST_HOST = "$(BUILT_PRODUCTS_DIR)/SwiftUIAPIConsumerSample.app/SwiftUIAPIConsumerSample";
			};
			name = Debug;
		};
		02A6426023674E6700C7F075 /* Release */ = {
			isa = XCBuildConfiguration;
			buildSettings = {
				ALWAYS_EMBED_SWIFT_STANDARD_LIBRARIES = YES;
				BUNDLE_LOADER = "$(TEST_HOST)";
				CODE_SIGN_STYLE = Automatic;
				DEVELOPMENT_TEAM = 8468U436K8;
				INFOPLIST_FILE = SwiftUIAPIConsumerSampleTests/Info.plist;
				IPHONEOS_DEPLOYMENT_TARGET = 13.1;
				LD_RUNPATH_SEARCH_PATHS = (
					"$(inherited)",
					"@executable_path/Frameworks",
					"@loader_path/Frameworks",
				);
				PRODUCT_BUNDLE_IDENTIFIER = pe.edu.upc.SwiftUIAPIConsumerSampleTests;
				PRODUCT_NAME = "$(TARGET_NAME)";
				SWIFT_VERSION = 5.0;
				TARGETED_DEVICE_FAMILY = "1,2";
				TEST_HOST = "$(BUILT_PRODUCTS_DIR)/SwiftUIAPIConsumerSample.app/SwiftUIAPIConsumerSample";
			};
			name = Release;
		};
		02A6426223674E6700C7F075 /* Debug */ = {
			isa = XCBuildConfiguration;
			buildSettings = {
				ALWAYS_EMBED_SWIFT_STANDARD_LIBRARIES = YES;
				CODE_SIGN_STYLE = Automatic;
				DEVELOPMENT_TEAM = 8468U436K8;
				INFOPLIST_FILE = SwiftUIAPIConsumerSampleUITests/Info.plist;
				LD_RUNPATH_SEARCH_PATHS = (
					"$(inherited)",
					"@executable_path/Frameworks",
					"@loader_path/Frameworks",
				);
				PRODUCT_BUNDLE_IDENTIFIER = pe.edu.upc.SwiftUIAPIConsumerSampleUITests;
				PRODUCT_NAME = "$(TARGET_NAME)";
				SWIFT_VERSION = 5.0;
				TARGETED_DEVICE_FAMILY = "1,2";
				TEST_TARGET_NAME = SwiftUIAPIConsumerSample;
			};
			name = Debug;
		};
		02A6426323674E6700C7F075 /* Release */ = {
			isa = XCBuildConfiguration;
			buildSettings = {
				ALWAYS_EMBED_SWIFT_STANDARD_LIBRARIES = YES;
				CODE_SIGN_STYLE = Automatic;
				DEVELOPMENT_TEAM = 8468U436K8;
				INFOPLIST_FILE = SwiftUIAPIConsumerSampleUITests/Info.plist;
				LD_RUNPATH_SEARCH_PATHS = (
					"$(inherited)",
					"@executable_path/Frameworks",
					"@loader_path/Frameworks",
				);
				PRODUCT_BUNDLE_IDENTIFIER = pe.edu.upc.SwiftUIAPIConsumerSampleUITests;
				PRODUCT_NAME = "$(TARGET_NAME)";
				SWIFT_VERSION = 5.0;
				TARGETED_DEVICE_FAMILY = "1,2";
				TEST_TARGET_NAME = SwiftUIAPIConsumerSample;
			};
			name = Release;
		};
/* End XCBuildConfiguration section */

/* Begin XCConfigurationList section */
		02A6422923674E6500C7F075 /* Build configuration list for PBXProject "SwiftUIAPIConsumerSample" */ = {
			isa = XCConfigurationList;
			buildConfigurations = (
				02A6425923674E6700C7F075 /* Debug */,
				02A6425A23674E6700C7F075 /* Release */,
			);
			defaultConfigurationIsVisible = 0;
			defaultConfigurationName = Release;
		};
		02A6425B23674E6700C7F075 /* Build configuration list for PBXNativeTarget "SwiftUIAPIConsumerSample" */ = {
			isa = XCConfigurationList;
			buildConfigurations = (
				02A6425C23674E6700C7F075 /* Debug */,
				02A6425D23674E6700C7F075 /* Release */,
			);
			defaultConfigurationIsVisible = 0;
			defaultConfigurationName = Release;
		};
		02A6425E23674E6700C7F075 /* Build configuration list for PBXNativeTarget "SwiftUIAPIConsumerSampleTests" */ = {
			isa = XCConfigurationList;
			buildConfigurations = (
				02A6425F23674E6700C7F075 /* Debug */,
				02A6426023674E6700C7F075 /* Release */,
			);
			defaultConfigurationIsVisible = 0;
			defaultConfigurationName = Release;
		};
		02A6426123674E6700C7F075 /* Build configuration list for PBXNativeTarget "SwiftUIAPIConsumerSampleUITests" */ = {
			isa = XCConfigurationList;
			buildConfigurations = (
				02A6426223674E6700C7F075 /* Debug */,
				02A6426323674E6700C7F075 /* Release */,
			);
			defaultConfigurationIsVisible = 0;
			defaultConfigurationName = Release;
		};
/* End XCConfigurationList section */

/* Begin XCVersionGroup section */
		02A6423523674E6500C7F075 /* SwiftUIAPIConsumerSample.xcdatamodeld */ = {
			isa = XCVersionGroup;
			children = (
				02A6423623674E6500C7F075 /* SwiftUIAPIConsumerSample.xcdatamodel */,
			);
			currentVersion = 02A6423623674E6500C7F075 /* SwiftUIAPIConsumerSample.xcdatamodel */;
			path = SwiftUIAPIConsumerSample.xcdatamodeld;
			sourceTree = "<group>";
			versionGroupType = wrapper.xcdatamodel;
		};
/* End XCVersionGroup section */
	};
	rootObject = 02A6422623674E6500C7F075 /* Project object */;
}
